# This file is autogenerated, do not edit; changes may be undone by the next 'dep ensure'.


[[projects]]
  name = "github.com/Microsoft/go-winio"
  packages = ["."]
  revision = "f533f7a102197536779ea3a8cb881d639e21ec5a"
  version = "v0.4.2"

[[projects]]
  name = "github.com/Sirupsen/logrus"
  packages = ["."]
  revision = "ba1b36c82c5e05c4f912a88eab0dcd91a171688f"
  version = "v0.11.5"

[[projects]]
  name = "github.com/docker/distribution"
  packages = ["digest","reference"]
  revision = "a25b9ef0c9fe242ac04bb20d3a028442b7d266b6"
  version = "v2.6.1"

[[projects]]
  name = "github.com/docker/docker"
  packages = ["api/types","api/types/blkiodev","api/types/container","api/types/events","api/types/filters","api/types/mount","api/types/network","api/types/reference","api/types/registry","api/types/strslice","api/types/swarm","api/types/time","api/types/versions","api/types/volume","pkg/stdcopy","pkg/tlsconfig"]
  revision = "092cba3727bb9b4a2f0e922cd6c0f93ea270e363"
  version = "v1.13.1"

[[projects]]
  branch = "master"
  name = "github.com/docker/go-connections"
  packages = ["nat","sockets","tlsconfig"]
  revision = "a2afab9802043837035592f1c24827fb70766de9"

[[projects]]
  name = "github.com/docker/go-units"
  packages = ["."]
  revision = "f2d77a61e3c169b43402a0a1e84f06daf29b8190"
  version = "v0.3.1"

[[projects]]
  branch = "master"
  name = "github.com/fernet/fernet-go"
  packages = ["."]
  revision = "1b2437bc582b3cfbb341ee5a29f8ef5b42912ff2"

[[projects]]
  name = "github.com/gorilla/websocket"
  packages = ["."]
  revision = "3ab3a8b8831546bd18fd182c20687ca853b2bb13"
  version = "v1.1.0"

[[projects]]
  name = "github.com/moby/moby"
  packages = ["client"]
  revision = "092cba3727bb9b4a2f0e922cd6c0f93ea270e363"
  version = "v1.13.1"

[[projects]]
  name = "github.com/pkg/errors"
  packages = ["."]
  revision = "645ef00459ed84a119197bfb8d8205042c6df63d"
  version = "v0.8.0"

[[projects]]
  branch = "master"
  name = "golang.org/x/net"
  packages = ["context","context/ctxhttp","proxy"]
  revision = "3da985ce5951d99de868be4385f21ea6c2b22f24"

[[projects]]
  branch = "master"
  name = "golang.org/x/sys"
  packages = ["unix","windows"]
  revision = "b90f89a1e7a9c1f6b918820b3daa7f08488c8594"

[solve-meta]
  analyzer-name = "dep"
  analyzer-version = 1
  inputs-digest = "6968dda6ef4c8334e90e1d6fd10b827b099000c9f81cc498325e75ea8340abd0"
  solver-name = "gps-cdcl"
  solver-version = 1
